<?xml version="1.0" encoding="utf-8"?>
<Project ToolsVersion="4.0" xmlns="http://schemas.microsoft.com/developer/msbuild/2003">
  <ItemGroup>
    <Filter Include="Source Files">
      <UniqueIdentifier>{6f6e00c0-b57d-4f41-92af-57a3e27f77a5}</UniqueIdentifier>
      <Extensions>cpp;c;cxx;rc;def;r;odl;idl;hpj;bat</Extensions>
    </Filter>
    <Filter Include="Header Files">
      <UniqueIdentifier>{25d7a4ea-c319-4e7c-acbd-d80bd0944a3c}</UniqueIdentifier>
      <Extensions>h;hpp;hxx;hm;inl</Extensions>
    </Filter>
    <Filter Include="Resource Files">
      <UniqueIdentifier>{bf11b4e1-2ed9-4427-aeae-b9a12f69645c}</UniqueIdentifier>
      <Extensions>ico;cur;bmp;dlg;rc2;rct;bin;rgs;gif;jpg;jpeg;jpe</Extensions>
    </Filter>
    <Filter Include="Common Source">
      <UniqueIdentifier>{45e48fc4-7e89-48cb-bfbb-1e055d2e49cd}</UniqueIdentifier>
    </Filter>
  </ItemGroup>
  <ItemGroup>
    <ClCompile Include="..\Common\GetInfoFromPhotoshop.cpp">
      <Filter>Source Files</Filter>
    </ClCompile>
    <ClCompile Include="..\Common\Getter.cpp">
      <Filter>Source Files</Filter>
    </ClCompile>
    <ClCompile Include="..\..\..\common\sources\DialogUtilitiesWin.cpp">
      <Filter>Common Source</Filter>
    </ClCompile>
    <ClCompile Include="..\..\..\common\sources\PIDLLInstance.cpp">
      <Filter>Common Source</Filter>
    </ClCompile>
    <ClCompile Include="..\..\..\Common\Sources\PIUActionUtils.cpp">
      <Filter>Common Source</Filter>
    </ClCompile>
    <ClCompile Include="..\..\..\Common\Sources\PIUFile.cpp">
      <Filter>Common Source</Filter>
    </ClCompile>
    <ClCompile Include="..\..\..\Common\Sources\PIUGet.cpp">
      <Filter>Common Source</Filter>
    </ClCompile>
    <ClCompile Include="..\..\..\Common\Sources\PIUSelect.cpp">
      <Filter>Common Source</Filter>
    </ClCompile>
    <ClCompile Include="..\..\..\common\sources\PIUSuites.cpp">
      <Filter>Common Source</Filter>
    </ClCompile>
    <ClCompile Include="..\..\..\common\sources\PIUtilities.cpp">
      <Filter>Common Source</Filter>
    </ClCompile>
    <ClCompile Include="..\..\..\common\sources\PIUtilitiesWin.cpp">
      <Filter>Common Source</Filter>
    </ClCompile>
    <ClCompile Include="..\..\..\common\sources\PIWinUI.cpp">
      <Filter>Common Source</Filter>
    </ClCompile>
    <ClCompile Include="FolderBrowserDialog.cpp">
      <Filter>Source Files</Filter>
    </ClCompile>
  </ItemGroup>
  <ItemGroup>
    <ClInclude Include="..\Common\GetInfoFromPhotoshop.h">
      <Filter>Header Files</Filter>
    </ClInclude>
    <ClInclude Include="..\Common\Getter.h">
      <Filter>Header Files</Filter>
    </ClInclude>
    <ClInclude Include="resource.h">
      <Filter>Header Files</Filter>
    </ClInclude>
    <ClInclude Include="FolderBrowserDialog.h">
      <Filter>Header Files</Filter>
    </ClInclude>
  </ItemGroup>
  <ItemGroup>
    <ResourceCompile Include="Getter.rc">
      <Filter>Resource Files</Filter>
    </ResourceCompile>
  </ItemGroup>
  <ItemGroup>
    <CustomBuild Include="..\Common\GetterPiPL.r">
      <Filter>Resource Files</Filter>
    </CustomBuild>
  </ItemGroup>
</Project>